
Microsoft Visual Studio Solution File, Format Version 12.00
# Visual Studio Version 17
VisualStudioVersion = 17.3.32901.215
MinimumVisualStudioVersion = 10.0.40219.1
Project("{9A19103F-16F7-4668-BE54-9A1E7A4F7556}") = "AspNetCoreWebApi", "AspNetCoreWebApi\AspNetCoreWebApi.csproj", "{01B497C6-13B5-4FEC-B6BC-C819796DFBF9}"
EndProject
Project("{FAE04EC0-301F-11D3-BF4B-00C04F79EFBC}") = "AspNetCoreWebApi.Sql", "AspNetCoreWebApi.Sql\AspNetCoreWebApi.Sql.csproj", "{A63769E4-38C9-4C3C-BDD8-CFCCC133BE5E}"
EndProject
Global
	GlobalSection(SolutionConfigurationPlatforms) = preSolution
		Debug|Any CPU = Debug|Any CPU
		Release|Any CPU = Release|Any CPU
	EndGlobalSection
	GlobalSection(ProjectConfigurationPlatforms) = postSolution
		{01B497C6-13B5-4FEC-B6BC-C819796DFBF9}.Debug|Any CPU.ActiveCfg = Debug|Any CPU
		{01B497C6-13B5-4FEC-B6BC-C819796DFBF9}.Debug|Any CPU.Build.0 = Debug|Any CPU
		{01B497C6-13B5-4FEC-B6BC-C819796DFBF9}.Release|Any CPU.ActiveCfg = Release|Any CPU
		{01B497C6-13B5-4FEC-B6BC-C819796DFBF9}.Release|Any CPU.Build.0 = Release|Any CPU
		{A63769E4-38C9-4C3C-BDD8-CFCCC133BE5E}.Debug|Any CPU.ActiveCfg = Debug|Any CPU
		{A63769E4-38C9-4C3C-BDD8-CFCCC133BE5E}.Debug|Any CPU.Build.0 = Debug|Any CPU
		{A63769E4-38C9-4C3C-BDD8-CFCCC133BE5E}.Release|Any CPU.ActiveCfg = Release|Any CPU
		{A63769E4-38C9-4C3C-BDD8-CFCCC133BE5E}.Release|Any CPU.Build.0 = Release|Any CPU
	EndGlobalSection
	GlobalSection(SolutionProperties) = preSolution
		HideSolutionNode = FALSE
	EndGlobalSection
	GlobalSection(ExtensibilityGlobals) = postSolution
		SolutionGuid = {491E5165-0170-483D-96F7-5B3AA72A5E09}
	EndGlobalSection
EndGlobal
